github.com/mavidser/hugo-rocinante v0.0.0-20200314100310-9313c1e1352e h1:UnWSp3HUzmcWponAzWjKMyr9bQqBW1hU4YpjG515i40=
github.com/mavidser/hugo-rocinante v0.0.0-20200314100310-9313c1e1352e/go.mod h1:hPbnvscrc026yGGisdsNjI8MpRldjfAICTFoTC62bG4=
github.com/nodejh/hugo-theme-cactus-plus v0.0.0-20180215084508-8754fb720281 h1:0wcKJ9/7xuRt2ruhxSFWf0lcK+FH6DRl/zFIKx+Ve50=
github.com/nodejh/hugo-theme-cactus-plus v0.0.0-20180215084508-8754fb720281/go.mod h1:/f0ZXsMvHAdPQedcJ2ZUDg/rDWAnGAclQ8ukFRSTNHs=
